
Microsoft Visual Studio Solution File, Format Version 12.00
# Visual Studio Version 16
VisualStudioVersion = 16.0.30804.86
MinimumVisualStudioVersion = 10.0.40219.1
Project("{9A19103F-16F7-4668-BE54-9A1E7A4F7556}") = "PoliWebSearch.Parser.ConsoleApp", "src\PoliWebSearch.Parser.ConsoleApp\PoliWebSearch.Parser.ConsoleApp.csproj", "{2DB100C1-987C-4828-87CA-4B236A7F270E}"
EndProject
Project("{9A19103F-16F7-4668-BE54-9A1E7A4F7556}") = "PoliWebSearch.Parser.Shared", "src\PoliWebSearch.Parser.Shared\PoliWebSearch.Parser.Shared.csproj", "{7E918A1B-708A-479E-8B90-504887D0533F}"
EndProject
Project("{9A19103F-16F7-4668-BE54-9A1E7A4F7556}") = "PoliWebSearch.Parser.FileParsers", "src\PoliWebSearch.Parser.FileParsers\PoliWebSearch.Parser.FileParsers.csproj", "{E30B1123-878F-4957-AB3D-71FBA58A0094}"
EndProject
Project("{FAE04EC0-301F-11D3-BF4B-00C04F79EFBC}") = "PoliWebSerach.Parser.DB", "src\PoliWebSerach.Parser.DB\PoliWebSerach.Parser.DB.csproj", "{E6C57B25-53F0-4603-A3C8-5F7B22552EC0}"
EndProject
Global
	GlobalSection(SolutionConfigurationPlatforms) = preSolution
		Debug|Any CPU = Debug|Any CPU
		Release|Any CPU = Release|Any CPU
	EndGlobalSection
	GlobalSection(ProjectConfigurationPlatforms) = postSolution
		{2DB100C1-987C-4828-87CA-4B236A7F270E}.Debug|Any CPU.ActiveCfg = Debug|Any CPU
		{2DB100C1-987C-4828-87CA-4B236A7F270E}.Debug|Any CPU.Build.0 = Debug|Any CPU
		{2DB100C1-987C-4828-87CA-4B236A7F270E}.Release|Any CPU.ActiveCfg = Release|Any CPU
		{2DB100C1-987C-4828-87CA-4B236A7F270E}.Release|Any CPU.Build.0 = Release|Any CPU
		{7E918A1B-708A-479E-8B90-504887D0533F}.Debug|Any CPU.ActiveCfg = Debug|Any CPU
		{7E918A1B-708A-479E-8B90-504887D0533F}.Debug|Any CPU.Build.0 = Debug|Any CPU
		{7E918A1B-708A-479E-8B90-504887D0533F}.Release|Any CPU.ActiveCfg = Release|Any CPU
		{7E918A1B-708A-479E-8B90-504887D0533F}.Release|Any CPU.Build.0 = Release|Any CPU
		{E30B1123-878F-4957-AB3D-71FBA58A0094}.Debug|Any CPU.ActiveCfg = Debug|Any CPU
		{E30B1123-878F-4957-AB3D-71FBA58A0094}.Debug|Any CPU.Build.0 = Debug|Any CPU
		{E30B1123-878F-4957-AB3D-71FBA58A0094}.Release|Any CPU.ActiveCfg = Release|Any CPU
		{E30B1123-878F-4957-AB3D-71FBA58A0094}.Release|Any CPU.Build.0 = Release|Any CPU
		{E6C57B25-53F0-4603-A3C8-5F7B22552EC0}.Debug|Any CPU.ActiveCfg = Debug|Any CPU
		{E6C57B25-53F0-4603-A3C8-5F7B22552EC0}.Debug|Any CPU.Build.0 = Debug|Any CPU
		{E6C57B25-53F0-4603-A3C8-5F7B22552EC0}.Release|Any CPU.ActiveCfg = Release|Any CPU
		{E6C57B25-53F0-4603-A3C8-5F7B22552EC0}.Release|Any CPU.Build.0 = Release|Any CPU
	EndGlobalSection
	GlobalSection(SolutionProperties) = preSolution
		HideSolutionNode = FALSE
	EndGlobalSection
	GlobalSection(ExtensibilityGlobals) = postSolution
		SolutionGuid = {C07E1C2E-C030-45EB-A52B-6C4F1BCEC953}
	EndGlobalSection
EndGlobal
